
Microsoft Visual Studio Solution File, Format Version 12.00
# Visual Studio Version 16
VisualStudioVersion = 16.0.31112.23
MinimumVisualStudioVersion = 10.0.40219.1
Project("{9A19103F-16F7-4668-BE54-9A1E7A4F7556}") = "BPT.Test.JDPS.API", "BPT.Test.JDPS.API\BPT.Test.JDPS.API.csproj", "{4F781ECF-54D1-4EEF-A394-D8C1AB1553BA}"
EndProject
Project("{00D1A9C2-B5F0-4AF3-8072-F6C62B433612}") = "BPT.Test.JDPS.Database", "BPT.Test.JDPS.Database\BPT.Test.JDPS.Database.sqlproj", "{130394C3-3AC9-4228-8F67-0360153DE752}"
EndProject
Project("{9A19103F-16F7-4668-BE54-9A1E7A4F7556}") = "BPT.Test.JDPS.Client", "BPT.Test.JDPS.Client\BPT.Test.JDPS.Client.csproj", "{6E9C208D-EC94-4767-B374-9848B747B248}"
EndProject
Project("{FAE04EC0-301F-11D3-BF4B-00C04F79EFBC}") = "BPT.Test.JDPS.Core", "BPT.Test.JDPS.Core\BPT.Test.JDPS.Core.csproj", "{28E02641-282E-4821-889B-3B9D6FCDFF32}"
EndProject
Project("{FAE04EC0-301F-11D3-BF4B-00C04F79EFBC}") = "BPT.Test.JDPS.Infraestructure", "BPT.Test.JDPS.Infraestructure\BPT.Test.JDPS.Infraestructure.csproj", "{70DB78A6-35E6-4435-8F5F-CFBE2943559C}"
EndProject
Global
	GlobalSection(SolutionConfigurationPlatforms) = preSolution
		Debug|Any CPU = Debug|Any CPU
		Release|Any CPU = Release|Any CPU
	EndGlobalSection
	GlobalSection(ProjectConfigurationPlatforms) = postSolution
		{4F781ECF-54D1-4EEF-A394-D8C1AB1553BA}.Debug|Any CPU.ActiveCfg = Debug|Any CPU
		{4F781ECF-54D1-4EEF-A394-D8C1AB1553BA}.Debug|Any CPU.Build.0 = Debug|Any CPU
		{4F781ECF-54D1-4EEF-A394-D8C1AB1553BA}.Release|Any CPU.ActiveCfg = Release|Any CPU
		{4F781ECF-54D1-4EEF-A394-D8C1AB1553BA}.Release|Any CPU.Build.0 = Release|Any CPU
		{130394C3-3AC9-4228-8F67-0360153DE752}.Debug|Any CPU.ActiveCfg = Debug|Any CPU
		{130394C3-3AC9-4228-8F67-0360153DE752}.Debug|Any CPU.Build.0 = Debug|Any CPU
		{130394C3-3AC9-4228-8F67-0360153DE752}.Debug|Any CPU.Deploy.0 = Debug|Any CPU
		{130394C3-3AC9-4228-8F67-0360153DE752}.Release|Any CPU.ActiveCfg = Release|Any CPU
		{130394C3-3AC9-4228-8F67-0360153DE752}.Release|Any CPU.Build.0 = Release|Any CPU
		{130394C3-3AC9-4228-8F67-0360153DE752}.Release|Any CPU.Deploy.0 = Release|Any CPU
		{6E9C208D-EC94-4767-B374-9848B747B248}.Debug|Any CPU.ActiveCfg = Debug|Any CPU
		{6E9C208D-EC94-4767-B374-9848B747B248}.Debug|Any CPU.Build.0 = Debug|Any CPU
		{6E9C208D-EC94-4767-B374-9848B747B248}.Release|Any CPU.ActiveCfg = Release|Any CPU
		{6E9C208D-EC94-4767-B374-9848B747B248}.Release|Any CPU.Build.0 = Release|Any CPU
		{28E02641-282E-4821-889B-3B9D6FCDFF32}.Debug|Any CPU.ActiveCfg = Debug|Any CPU
		{28E02641-282E-4821-889B-3B9D6FCDFF32}.Debug|Any CPU.Build.0 = Debug|Any CPU
		{28E02641-282E-4821-889B-3B9D6FCDFF32}.Release|Any CPU.ActiveCfg = Release|Any CPU
		{28E02641-282E-4821-889B-3B9D6FCDFF32}.Release|Any CPU.Build.0 = Release|Any CPU
		{70DB78A6-35E6-4435-8F5F-CFBE2943559C}.Debug|Any CPU.ActiveCfg = Debug|Any CPU
		{70DB78A6-35E6-4435-8F5F-CFBE2943559C}.Debug|Any CPU.Build.0 = Debug|Any CPU
		{70DB78A6-35E6-4435-8F5F-CFBE2943559C}.Release|Any CPU.ActiveCfg = Release|Any CPU
		{70DB78A6-35E6-4435-8F5F-CFBE2943559C}.Release|Any CPU.Build.0 = Release|Any CPU
	EndGlobalSection
	GlobalSection(SolutionProperties) = preSolution
		HideSolutionNode = FALSE
	EndGlobalSection
	GlobalSection(ExtensibilityGlobals) = postSolution
		SolutionGuid = {7FF10280-43A4-4B53-8663-7639F82671C0}
	EndGlobalSection
EndGlobal
